
Microsoft Visual Studio Solution File, Format Version 12.00
# Visual Studio 15
VisualStudioVersion = 15.0.27130.2010
MinimumVisualStudioVersion = 10.0.40219.1
Project("{A07B5EB6-E848-4116-A8D0-A826331D98C6}") = "StateService", "StateService\StateService.sfproj", "{B8D43D50-48E5-4E17-9536-91E2A86B7248}"
EndProject
Project("{FAE04EC0-301F-11D3-BF4B-00C04F79EFBC}") = "WcfHosting", "WcfHosting\WcfHosting.csproj", "{9A29B765-78AC-4E8B-921E-8B130B2DB8A5}"
EndProject
Project("{FAE04EC0-301F-11D3-BF4B-00C04F79EFBC}") = "Shared", "Shared\Shared.csproj", "{1DB29288-25A2-4408-B5D1-2877C3E917FA}"
EndProject
Project("{FAE04EC0-301F-11D3-BF4B-00C04F79EFBC}") = "WcfService", "WcfService\WcfService.csproj", "{277CD4BA-6723-499A-9234-18101FF3F11E}"
EndProject
Global
	GlobalSection(SolutionConfigurationPlatforms) = preSolution
		Debug|Any CPU = Debug|Any CPU
		Debug|x64 = Debug|x64
		Release|Any CPU = Release|Any CPU
		Release|x64 = Release|x64
	EndGlobalSection
	GlobalSection(ProjectConfigurationPlatforms) = postSolution
		{B8D43D50-48E5-4E17-9536-91E2A86B7248}.Debug|Any CPU.ActiveCfg = Debug|x64
		{B8D43D50-48E5-4E17-9536-91E2A86B7248}.Debug|x64.ActiveCfg = Debug|x64
		{B8D43D50-48E5-4E17-9536-91E2A86B7248}.Debug|x64.Build.0 = Debug|x64
		{B8D43D50-48E5-4E17-9536-91E2A86B7248}.Debug|x64.Deploy.0 = Debug|x64
		{B8D43D50-48E5-4E17-9536-91E2A86B7248}.Release|Any CPU.ActiveCfg = Release|x64
		{B8D43D50-48E5-4E17-9536-91E2A86B7248}.Release|x64.ActiveCfg = Release|x64
		{B8D43D50-48E5-4E17-9536-91E2A86B7248}.Release|x64.Build.0 = Release|x64
		{B8D43D50-48E5-4E17-9536-91E2A86B7248}.Release|x64.Deploy.0 = Release|x64
		{9A29B765-78AC-4E8B-921E-8B130B2DB8A5}.Debug|Any CPU.ActiveCfg = Debug|x64
		{9A29B765-78AC-4E8B-921E-8B130B2DB8A5}.Debug|x64.ActiveCfg = Debug|x64
		{9A29B765-78AC-4E8B-921E-8B130B2DB8A5}.Debug|x64.Build.0 = Debug|x64
		{9A29B765-78AC-4E8B-921E-8B130B2DB8A5}.Release|Any CPU.ActiveCfg = Release|x64
		{9A29B765-78AC-4E8B-921E-8B130B2DB8A5}.Release|x64.ActiveCfg = Release|x64
		{9A29B765-78AC-4E8B-921E-8B130B2DB8A5}.Release|x64.Build.0 = Release|x64
		{1DB29288-25A2-4408-B5D1-2877C3E917FA}.Debug|Any CPU.ActiveCfg = Debug|Any CPU
		{1DB29288-25A2-4408-B5D1-2877C3E917FA}.Debug|Any CPU.Build.0 = Debug|Any CPU
		{1DB29288-25A2-4408-B5D1-2877C3E917FA}.Debug|x64.ActiveCfg = Debug|Any CPU
		{1DB29288-25A2-4408-B5D1-2877C3E917FA}.Debug|x64.Build.0 = Debug|Any CPU
		{1DB29288-25A2-4408-B5D1-2877C3E917FA}.Release|Any CPU.ActiveCfg = Release|Any CPU
		{1DB29288-25A2-4408-B5D1-2877C3E917FA}.Release|Any CPU.Build.0 = Release|Any CPU
		{1DB29288-25A2-4408-B5D1-2877C3E917FA}.Release|x64.ActiveCfg = Release|Any CPU
		{1DB29288-25A2-4408-B5D1-2877C3E917FA}.Release|x64.Build.0 = Release|Any CPU
		{277CD4BA-6723-499A-9234-18101FF3F11E}.Debug|Any CPU.ActiveCfg = Debug|Any CPU
		{277CD4BA-6723-499A-9234-18101FF3F11E}.Debug|Any CPU.Build.0 = Debug|Any CPU
		{277CD4BA-6723-499A-9234-18101FF3F11E}.Debug|x64.ActiveCfg = Debug|Any CPU
		{277CD4BA-6723-499A-9234-18101FF3F11E}.Debug|x64.Build.0 = Debug|Any CPU
		{277CD4BA-6723-499A-9234-18101FF3F11E}.Release|Any CPU.ActiveCfg = Release|Any CPU
		{277CD4BA-6723-499A-9234-18101FF3F11E}.Release|Any CPU.Build.0 = Release|Any CPU
		{277CD4BA-6723-499A-9234-18101FF3F11E}.Release|x64.ActiveCfg = Release|Any CPU
		{277CD4BA-6723-499A-9234-18101FF3F11E}.Release|x64.Build.0 = Release|Any CPU
	EndGlobalSection
	GlobalSection(SolutionProperties) = preSolution
		HideSolutionNode = FALSE
	EndGlobalSection
	GlobalSection(ExtensibilityGlobals) = postSolution
		SolutionGuid = {E14D9DCB-2052-4AA0-A0A0-EB3153B6C973}
	EndGlobalSection
EndGlobal
